
Microsoft Visual Studio Solution File, Format Version 12.00
# Visual Studio Version 17
VisualStudioVersion = 17.7.34018.315
MinimumVisualStudioVersion = 10.0.40219.1
Project("{FAE04EC0-301F-11D3-BF4B-00C04F79EFBC}") = "baiTapNhom", "baiTapNhom\baiTapNhom.csproj", "{BA47CDFB-1CEC-462D-B5BD-12A3C4E89A92}"
EndProject
Project("{FAE04EC0-301F-11D3-BF4B-00C04F79EFBC}") = "WindowsFormsApp1", "WindowsFormsApp1\WindowsFormsApp1.csproj", "{6CF838BA-D490-46C6-B6BD-AFA0AB1C69F4}"
EndProject
Global
	GlobalSection(SolutionConfigurationPlatforms) = preSolution
		Debug|Any CPU = Debug|Any CPU
		Release|Any CPU = Release|Any CPU
	EndGlobalSection
	GlobalSection(ProjectConfigurationPlatforms) = postSolution
		{BA47CDFB-1CEC-462D-B5BD-12A3C4E89A92}.Debug|Any CPU.ActiveCfg = Debug|Any CPU
		{BA47CDFB-1CEC-462D-B5BD-12A3C4E89A92}.Debug|Any CPU.Build.0 = Debug|Any CPU
		{BA47CDFB-1CEC-462D-B5BD-12A3C4E89A92}.Release|Any CPU.ActiveCfg = Release|Any CPU
		{BA47CDFB-1CEC-462D-B5BD-12A3C4E89A92}.Release|Any CPU.Build.0 = Release|Any CPU
		{6CF838BA-D490-46C6-B6BD-AFA0AB1C69F4}.Debug|Any CPU.ActiveCfg = Debug|Any CPU
		{6CF838BA-D490-46C6-B6BD-AFA0AB1C69F4}.Debug|Any CPU.Build.0 = Debug|Any CPU
		{6CF838BA-D490-46C6-B6BD-AFA0AB1C69F4}.Release|Any CPU.ActiveCfg = Release|Any CPU
		{6CF838BA-D490-46C6-B6BD-AFA0AB1C69F4}.Release|Any CPU.Build.0 = Release|Any CPU
	EndGlobalSection
	GlobalSection(SolutionProperties) = preSolution
		HideSolutionNode = FALSE
	EndGlobalSection
	GlobalSection(ExtensibilityGlobals) = postSolution
		SolutionGuid = {1B7BD72B-F768-4DE2-9272-E721412B594F}
	EndGlobalSection
EndGlobal
